
Microsoft Visual Studio Solution File, Format Version 12.00
# Visual Studio 2012
Project("{FAE04EC0-301F-11D3-BF4B-00C04F79EFBC}") = "hình học", "hình học\hình học.csproj", "{594015D2-D750-42B6-BD2B-C4105BB8C8F7}"
EndProject
Global
	GlobalSection(SolutionConfigurationPlatforms) = preSolution
		Debug|Any CPU = Debug|Any CPU
		Release|Any CPU = Release|Any CPU
	EndGlobalSection
	GlobalSection(ProjectConfigurationPlatforms) = postSolution
		{594015D2-D750-42B6-BD2B-C4105BB8C8F7}.Debug|Any CPU.ActiveCfg = Debug|Any CPU
		{594015D2-D750-42B6-BD2B-C4105BB8C8F7}.Debug|Any CPU.Build.0 = Debug|Any CPU
		{594015D2-D750-42B6-BD2B-C4105BB8C8F7}.Release|Any CPU.ActiveCfg = Release|Any CPU
		{594015D2-D750-42B6-BD2B-C4105BB8C8F7}.Release|Any CPU.Build.0 = Release|Any CPU
	EndGlobalSection
	GlobalSection(SolutionProperties) = preSolution
		HideSolutionNode = FALSE
	EndGlobalSection
EndGlobal
